{
  "name": "webmaster",
  "lockfileVersion": 2,
  "requires": true,
  "packages": {
    "": {
      "dependencies": {
        "webrtc-adapter": "^8.1.1"
      }
    },
    "node_modules/sdp": {
      "version": "3.0.3",
      "resolved": "https://registry.npmjs.org/sdp/-/sdp-3.0.3.tgz",
      "integrity": "sha512-8EkfckS+XZQaPLyChu4ey7PghrdcraCVNpJe2Gfdi2ON1ylQ7OasuKX+b37R9slnRChwIAiQgt+oj8xXGD8x+A=="
    },
    "node_modules/webrtc-adapter": {
      "version": "8.1.1",
      "resolved": "https://registry.npmjs.org/webrtc-adapter/-/webrtc-adapter-8.1.1.tgz",
      "integrity": "sha512-1yXevP7TeZGmklEXkvQVrZp3fOSJlLeXNGCA7NovQokxgP3/e2T3EVGL0eKU87S9vKppWjvRWqnJeSANEspOBg==",
      "dependencies": {
        "sdp": "^3.0.2"
      },
      "engines": {
        "node": ">=6.0.0",
        "npm": ">=3.10.0"
      }
    }
  },
  "dependencies": {
    "sdp": {
      "version": "3.0.3",
      "resolved": "https://registry.npmjs.org/sdp/-/sdp-3.0.3.tgz",
      "integrity": "sha512-8EkfckS+XZQaPLyChu4ey7PghrdcraCVNpJe2Gfdi2ON1ylQ7OasuKX+b37R9slnRChwIAiQgt+oj8xXGD8x+A=="
    },
    "webrtc-adapter": {
      "version": "8.1.1",
      "resolved": "https://registry.npmjs.org/webrtc-adapter/-/webrtc-adapter-8.1.1.tgz",
      "integrity": "sha512-1yXevP7TeZGmklEXkvQVrZp3fOSJlLeXNGCA7NovQokxgP3/e2T3EVGL0eKU87S9vKppWjvRWqnJeSANEspOBg==",
      "requires": {
        "sdp": "^3.0.2"
      }
    }
  }
}
